// !$*UTF8*$!
{
	archiveVersion = 1;
	classes = {
	};
	objectVersion = 50;
	objects = {

/* Begin PBXBuildFile section */
		0D050196E3687E047216AE94 /* Pods_NetworkExample.framework in Frameworks */ = {isa = PBXBuildFile; fileRef = 66DF28B75F6803FD33DB13DD /* Pods_NetworkExample.framework */; };
		83E2C5E020FCCBF2005D74A6 /* AppDelegate.swift in Sources */ = {isa = PBXBuildFile; fileRef = 83E2C5DF20FCCBF2005D74A6 /* AppDelegate.swift */; };
		83E2C5E220FCCBF2005D74A6 /* ViewController.swift in Sources */ = {isa = PBXBuildFile; fileRef = 83E2C5E120FCCBF2005D74A6 /* ViewController.swift */; };
		83E2C5E520FCCBF2005D74A6 /* Main.storyboard in Resources */ = {isa = PBXBuildFile; fileRef = 83E2C5E320FCCBF2005D74A6 /* Main.storyboard */; };
		83E2C5E720FCCBF8005D74A6 /* Assets.xcassets in Resources */ = {isa = PBXBuildFile; fileRef = 83E2C5E620FCCBF8005D74A6 /* Assets.xcassets */; };
		83E2C5EA20FCCBF8005D74A6 /* LaunchScreen.storyboard in Resources */ = {isa = PBXBuildFile; fileRef = 83E2C5E820FCCBF8005D74A6 /* LaunchScreen.storyboard */; };
		83E2C5F220FCDFB0005D74A6 /* Repo.swift in Sources */ = {isa = PBXBuildFile; fileRef = 83E2C5F120FCDFB0005D74A6 /* Repo.swift */; };
/* End PBXBuildFile section */

/* Begin PBXFileReference section */
		19EC64D7D131FB9BE6887DFA /* Pods-NetworkExample.release.xcconfig */ = {isa = PBXFileReference; includeInIndex = 1; lastKnownFileType = text.xcconfig; name = "Pods-NetworkExample.release.xcconfig"; path = "Pods/Target Support Files/Pods-NetworkExample/Pods-NetworkExample.release.xcconfig"; sourceTree = "<group>"; };
		66DF28B75F6803FD33DB13DD /* Pods_NetworkExample.framework */ = {isa = PBXFileReference; explicitFileType = wrapper.framework; includeInIndex = 0; path = Pods_NetworkExample.framework; sourceTree = BUILT_PRODUCTS_DIR; };
		792E3D549724A0450A9A8BCA /* Pods-NetworkExample.debug.xcconfig */ = {isa = PBXFileReference; includeInIndex = 1; lastKnownFileType = text.xcconfig; name = "Pods-NetworkExample.debug.xcconfig"; path = "Pods/Target Support Files/Pods-NetworkExample/Pods-NetworkExample.debug.xcconfig"; sourceTree = "<group>"; };
		83E2C5DC20FCCBF2005D74A6 /* NetworkExample.app */ = {isa = PBXFileReference; explicitFileType = wrapper.application; includeInIndex = 0; path = NetworkExample.app; sourceTree = BUILT_PRODUCTS_DIR; };
		83E2C5DF20FCCBF2005D74A6 /* AppDelegate.swift */ = {isa = PBXFileReference; lastKnownFileType = sourcecode.swift; path = AppDelegate.swift; sourceTree = "<group>"; };
		83E2C5E120FCCBF2005D74A6 /* ViewController.swift */ = {isa = PBXFileReference; lastKnownFileType = sourcecode.swift; path = ViewController.swift; sourceTree = "<group>"; };
		83E2C5E420FCCBF2005D74A6 /* Base */ = {isa = PBXFileReference; lastKnownFileType = file.storyboard; name = Base; path = Base.lproj/Main.storyboard; sourceTree = "<group>"; };
		83E2C5E620FCCBF8005D74A6 /* Assets.xcassets */ = {isa = PBXFileReference; lastKnownFileType = folder.assetcatalog; path = Assets.xcassets; sourceTree = "<group>"; };
		83E2C5E920FCCBF8005D74A6 /* Base */ = {isa = PBXFileReference; lastKnownFileType = file.storyboard; name = Base; path = Base.lproj/LaunchScreen.storyboard; sourceTree = "<group>"; };
		83E2C5EB20FCCBF8005D74A6 /* Info.plist */ = {isa = PBXFileReference; lastKnownFileType = text.plist.xml; path = Info.plist; sourceTree = "<group>"; };
		83E2C5F120FCDFB0005D74A6 /* Repo.swift */ = {isa = PBXFileReference; lastKnownFileType = sourcecode.swift; path = Repo.swift; sourceTree = "<group>"; };
/* End PBXFileReference section */

/* Begin PBXFrameworksBuildPhase section */
		83E2C5D920FCCBF2005D74A6 /* Frameworks */ = {
			isa = PBXFrameworksBuildPhase;
			buildActionMask = 2147483647;
			files = (
				0D050196E3687E047216AE94 /* Pods_NetworkExample.framework in Frameworks */,
			);
			runOnlyForDeploymentPostprocessing = 0;
		};
/* End PBXFrameworksBuildPhase section */

/* Begin PBXGroup section */
		83E2C5D320FCCBF2005D74A6 = {
			isa = PBXGroup;
			children = (
				83E2C5DE20FCCBF2005D74A6 /* NetworkExample */,
				83E2C5DD20FCCBF2005D74A6 /* Products */,
				F17C2117E03F1AE5FF74D046 /* Pods */,
				96206270DFB9577595EA32F5 /* Frameworks */,
			);
			sourceTree = "<group>";
		};
		83E2C5DD20FCCBF2005D74A6 /* Products */ = {
			isa = PBXGroup;
			children = (
				83E2C5DC20FCCBF2005D74A6 /* NetworkExample.app */,
			);
			name = Products;
			sourceTree = "<group>";
		};
		83E2C5DE20FCCBF2005D74A6 /* NetworkExample */ = {
			isa = PBXGroup;
			children = (
				83E2C5F120FCDFB0005D74A6 /* Repo.swift */,
				83E2C5DF20FCCBF2005D74A6 /* AppDelegate.swift */,
				83E2C5E120FCCBF2005D74A6 /* ViewController.swift */,
				83E2C5E320FCCBF2005D74A6 /* Main.storyboard */,
				83E2C5E620FCCBF8005D74A6 /* Assets.xcassets */,
				83E2C5E820FCCBF8005D74A6 /* LaunchScreen.storyboard */,
				83E2C5EB20FCCBF8005D74A6 /* Info.plist */,
			);
			path = NetworkExample;
			sourceTree = "<group>";
		};
		96206270DFB9577595EA32F5 /* Frameworks */ = {
			isa = PBXGroup;
			children = (
				66DF28B75F6803FD33DB13DD /* Pods_NetworkExample.framework */,
			);
			name = Frameworks;
			sourceTree = "<group>";
		};
		F17C2117E03F1AE5FF74D046 /* Pods */ = {
			isa = PBXGroup;
			children = (
				792E3D549724A0450A9A8BCA /* Pods-NetworkExample.debug.xcconfig */,
				19EC64D7D131FB9BE6887DFA /* Pods-NetworkExample.release.xcconfig */,
			);
			name = Pods;
			sourceTree = "<group>";
		};
/* End PBXGroup section */

/* Begin PBXNativeTarget section */
		83E2C5DB20FCCBF2005D74A6 /* NetworkExample */ = {
			isa = PBXNativeTarget;
			buildConfigurationList = 83E2C5EE20FCCBF8005D74A6 /* Build configuration list for PBXNativeTarget "NetworkExample" */;
			buildPhases = (
				3EDBC590842DBF1BA4B51F02 /* [CP] Check Pods Manifest.lock */,
				83E2C5D820FCCBF2005D74A6 /* Sources */,
				83E2C5D920FCCBF2005D74A6 /* Frameworks */,
				83E2C5DA20FCCBF2005D74A6 /* Resources */,
				70D6FEB93780BD5788250BA7 /* [CP] Embed Pods Frameworks */,
			);
			buildRules = (
			);
			dependencies = (
			);
			name = NetworkExample;
			productName = NetworkExample;
			productReference = 83E2C5DC20FCCBF2005D74A6 /* NetworkExample.app */;
			productType = "com.apple.product-type.application";
		};
/* End PBXNativeTarget section */

/* Begin PBXProject section */
		83E2C5D420FCCBF2005D74A6 /* Project object */ = {
			isa = PBXProject;
			attributes = {
				LastSwiftUpdateCheck = 0940;
				LastUpgradeCheck = 0940;
				ORGANIZATIONNAME = administrador;
				TargetAttributes = {
					83E2C5DB20FCCBF2005D74A6 = {
						CreatedOnToolsVersion = 9.4.1;
					};
				};
			};
			buildConfigurationList = 83E2C5D720FCCBF2005D74A6 /* Build configuration list for PBXProject "NetworkExample" */;
			compatibilityVersion = "Xcode 9.3";
			developmentRegion = en;
			hasScannedForEncodings = 0;
			knownRegions = (
				en,
				Base,
			);
			mainGroup = 83E2C5D320FCCBF2005D74A6;
			productRefGroup = 83E2C5DD20FCCBF2005D74A6 /* Products */;
			projectDirPath = "";
			projectRoot = "";
			targets = (
				83E2C5DB20FCCBF2005D74A6 /* NetworkExample */,
			);
		};
/* End PBXProject section */

/* Begin PBXResourcesBuildPhase section */
		83E2C5DA20FCCBF2005D74A6 /* Resources */ = {
			isa = PBXResourcesBuildPhase;
			buildActionMask = 2147483647;
			files = (
				83E2C5EA20FCCBF8005D74A6 /* LaunchScreen.storyboard in Resources */,
				83E2C5E720FCCBF8005D74A6 /* Assets.xcassets in Resources */,
				83E2C5E520FCCBF2005D74A6 /* Main.storyboard in Resources */,
			);
			runOnlyForDeploymentPostprocessing = 0;
		};
/* End PBXResourcesBuildPhase section */

/* Begin PBXShellScriptBuildPhase section */
		3EDBC590842DBF1BA4B51F02 /* [CP] Check Pods Manifest.lock */ = {
			isa = PBXShellScriptBuildPhase;
			buildActionMask = 2147483647;
			files = (
			);
			inputPaths = (
				"${PODS_PODFILE_DIR_PATH}/Podfile.lock",
				"${PODS_ROOT}/Manifest.lock",
			);
			name = "[CP] Check Pods Manifest.lock";
			outputPaths = (
				"$(DERIVED_FILE_DIR)/Pods-NetworkExample-checkManifestLockResult.txt",
			);
			runOnlyForDeploymentPostprocessing = 0;
			shellPath = /bin/sh;
			shellScript = "diff \"${PODS_PODFILE_DIR_PATH}/Podfile.lock\" \"${PODS_ROOT}/Manifest.lock\" > /dev/null\nif [ $? != 0 ] ; then\n    # print error to STDERR\n    echo \"error: The sandbox is not in sync with the Podfile.lock. Run 'pod install' or update your CocoaPods installation.\" >&2\n    exit 1\nfi\n# This output is used by Xcode 'outputs' to avoid re-running this script phase.\necho \"SUCCESS\" > \"${SCRIPT_OUTPUT_FILE_0}\"\n";
			showEnvVarsInLog = 0;
		};
		70D6FEB93780BD5788250BA7 /* [CP] Embed Pods Frameworks */ = {
			isa = PBXShellScriptBuildPhase;
			buildActionMask = 2147483647;
			files = (
			);
			inputPaths = (
				"${SRCROOT}/Pods/Target Support Files/Pods-NetworkExample/Pods-NetworkExample-frameworks.sh",
				"${BUILT_PRODUCTS_DIR}/Alamofire/Alamofire.framework",
				"${BUILT_PRODUCTS_DIR}/AlamofireObjectMapper/AlamofireObjectMapper.framework",
				"${BUILT_PRODUCTS_DIR}/ObjectMapper/ObjectMapper.framework",
			);
			name = "[CP] Embed Pods Frameworks";
			outputPaths = (
				"${TARGET_BUILD_DIR}/${FRAMEWORKS_FOLDER_PATH}/Alamofire.framework",
				"${TARGET_BUILD_DIR}/${FRAMEWORKS_FOLDER_PATH}/AlamofireObjectMapper.framework",
				"${TARGET_BUILD_DIR}/${FRAMEWORKS_FOLDER_PATH}/ObjectMapper.framework",
			);
			runOnlyForDeploymentPostprocessing = 0;
			shellPath = /bin/sh;
			shellScript = "\"${SRCROOT}/Pods/Target Support Files/Pods-NetworkExample/Pods-NetworkExample-frameworks.sh\"\n";
			showEnvVarsInLog = 0;
		};
/* End PBXShellScriptBuildPhase section */

/* Begin PBXSourcesBuildPhase section */
		83E2C5D820FCCBF2005D74A6 /* Sources */ = {
			isa = PBXSourcesBuildPhase;
			buildActionMask = 2147483647;
			files = (
				83E2C5F220FCDFB0005D74A6 /* Repo.swift in Sources */,
				83E2C5E220FCCBF2005D74A6 /* ViewController.swift in Sources */,
				83E2C5E020FCCBF2005D74A6 /* AppDelegate.swift in Sources */,
			);
			runOnlyForDeploymentPostprocessing = 0;
		};
/* End PBXSourcesBuildPhase section */

/* Begin PBXVariantGroup section */
		83E2C5E320FCCBF2005D74A6 /* Main.storyboard */ = {
			isa = PBXVariantGroup;
			children = (
				83E2C5E420FCCBF2005D74A6 /* Base */,
			);
			name = Main.storyboard;
			sourceTree = "<group>";
		};
		83E2C5E820FCCBF8005D74A6 /* LaunchScreen.storyboard */ = {
			isa = PBXVariantGroup;
			children = (
				83E2C5E920FCCBF8005D74A6 /* Base */,
			);
			name = LaunchScreen.storyboard;
			sourceTree = "<group>";
		};
/* End PBXVariantGroup section */

/* Begin XCBuildConfiguration section */
		83E2C5EC20FCCBF8005D74A6 /* Debug */ = {
			isa = XCBuildConfiguration;
			buildSettings = {
				ALWAYS_SEARCH_USER_PATHS = NO;
				CLANG_ANALYZER_NONNULL = YES;
				CLANG_ANALYZER_NUMBER_OBJECT_CONVERSION = YES_AGGRESSIVE;
				CLANG_CXX_LANGUAGE_STANDARD = "gnu++14";
				CLANG_CXX_LIBRARY = "libc++";
				CLANG_ENABLE_MODULES = YES;
				CLANG_ENABLE_OBJC_ARC = YES;
				CLANG_ENABLE_OBJC_WEAK = YES;
				CLANG_WARN_BLOCK_CAPTURE_AUTORELEASING = YES;
				CLANG_WARN_BOOL_CONVERSION = YES;
				CLANG_WARN_COMMA = YES;
				CLANG_WARN_CONSTANT_CONVERSION = YES;
				CLANG_WARN_DEPRECATED_OBJC_IMPLEMENTATIONS = YES;
				CLANG_WARN_DIRECT_OBJC_ISA_USAGE = YES_ERROR;
				CLANG_WARN_DOCUMENTATION_COMMENTS = YES;
				CLANG_WARN_EMPTY_BODY = YES;
				CLANG_WARN_ENUM_CONVERSION = YES;
				CLANG_WARN_INFINITE_RECURSION = YES;
				CLANG_WARN_INT_CONVERSION = YES;
				CLANG_WARN_NON_LITERAL_NULL_CONVERSION = YES;
				CLANG_WARN_OBJC_IMPLICIT_RETAIN_SELF = YES;
				CLANG_WARN_OBJC_LITERAL_CONVERSION = YES;
				CLANG_WARN_OBJC_ROOT_CLASS = YES_ERROR;
				CLANG_WARN_RANGE_LOOP_ANALYSIS = YES;
				CLANG_WARN_STRICT_PROTOTYPES = YES;
				CLANG_WARN_SUSPICIOUS_MOVE = YES;
				CLANG_WARN_UNGUARDED_AVAILABILITY = YES_AGGRESSIVE;
				CLANG_WARN_UNREACHABLE_CODE = YES;
				CLANG_WARN__DUPLICATE_METHOD_MATCH = YES;
				CODE_SIGN_IDENTITY = "iPhone Developer";
				COPY_PHASE_STRIP = NO;
				DEBUG_INFORMATION_FORMAT = dwarf;
				ENABLE_STRICT_OBJC_MSGSEND = YES;
				ENABLE_TESTABILITY = YES;
				GCC_C_LANGUAGE_STANDARD = gnu11;
				GCC_DYNAMIC_NO_PIC = NO;
				GCC_NO_COMMON_BLOCKS = YES;
				GCC_OPTIMIZATION_LEVEL = 0;
				GCC_PREPROCESSOR_DEFINITIONS = (
					"DEBUG=1",
					"$(inherited)",
				);
				GCC_WARN_64_TO_32_BIT_CONVERSION = YES;
				GCC_WARN_ABOUT_RETURN_TYPE = YES_ERROR;
				GCC_WARN_UNDECLARED_SELECTOR = YES;
				GCC_WARN_UNINITIALIZED_AUTOS = YES_AGGRESSIVE;
				GCC_WARN_UNUSED_FUNCTION = YES;
				GCC_WARN_UNUSED_VARIABLE = YES;
				IPHONEOS_DEPLOYMENT_TARGET = 11.4;
				MTL_ENABLE_DEBUG_INFO = YES;
				ONLY_ACTIVE_ARCH = YES;
				SDKROOT = iphoneos;
				SWIFT_ACTIVE_COMPILATION_CONDITIONS = DEBUG;
				SWIFT_OPTIMIZATION_LEVEL = "-Onone";
			};
			name = Debug;
		};
		83E2C5ED20FCCBF8005D74A6 /* Release */ = {
			isa = XCBuildConfiguration;
			buildSettings = {
				ALWAYS_SEARCH_USER_PATHS = NO;
				CLANG_ANALYZER_NONNULL = YES;
				CLANG_ANALYZER_NUMBER_OBJECT_CONVERSION = YES_AGGRESSIVE;
				CLANG_CXX_LANGUAGE_STANDARD = "gnu++14";
				CLANG_CXX_LIBRARY = "libc++";
				CLANG_ENABLE_MODULES = YES;
				CLANG_ENABLE_OBJC_ARC = YES;
				CLANG_ENABLE_OBJC_WEAK = YES;
				CLANG_WARN_BLOCK_CAPTURE_AUTORELEASING = YES;
				CLANG_WARN_BOOL_CONVERSION = YES;
				CLANG_WARN_COMMA = YES;
				CLANG_WARN_CONSTANT_CONVERSION = YES;
				CLANG_WARN_DEPRECATED_OBJC_IMPLEMENTATIONS = YES;
				CLANG_WARN_DIRECT_OBJC_ISA_USAGE = YES_ERROR;
				CLANG_WARN_DOCUMENTATION_COMMENTS = YES;
				CLANG_WARN_EMPTY_BODY = YES;
				CLANG_WARN_ENUM_CONVERSION = YES;
				CLANG_WARN_INFINITE_RECURSION = YES;
				CLANG_WARN_INT_CONVERSION = YES;
				CLANG_WARN_NON_LITERAL_NULL_CONVERSION = YES;
				CLANG_WARN_OBJC_IMPLICIT_RETAIN_SELF = YES;
				CLANG_WARN_OBJC_LITERAL_CONVERSION = YES;
				CLANG_WARN_OBJC_ROOT_CLASS = YES_ERROR;
				CLANG_WARN_RANGE_LOOP_ANALYSIS = YES;
				CLANG_WARN_STRICT_PROTOTYPES = YES;
				CLANG_WARN_SUSPICIOUS_MOVE = YES;
				CLANG_WARN_UNGUARDED_AVAILABILITY = YES_AGGRESSIVE;
				CLANG_WARN_UNREACHABLE_CODE = YES;
				CLANG_WARN__DUPLICATE_METHOD_MATCH = YES;
				CODE_SIGN_IDENTITY = "iPhone Developer";
				COPY_PHASE_STRIP = NO;
				DEBUG_INFORMATION_FORMAT = "dwarf-with-dsym";
				ENABLE_NS_ASSERTIONS = NO;
				ENABLE_STRICT_OBJC_MSGSEND = YES;
				GCC_C_LANGUAGE_STANDARD = gnu11;
				GCC_NO_COMMON_BLOCKS = YES;
				GCC_WARN_64_TO_32_BIT_CONVERSION = YES;
				GCC_WARN_ABOUT_RETURN_TYPE = YES_ERROR;
				GCC_WARN_UNDECLARED_SELECTOR = YES;
				GCC_WARN_UNINITIALIZED_AUTOS = YES_AGGRESSIVE;
				GCC_WARN_UNUSED_FUNCTION = YES;
				GCC_WARN_UNUSED_VARIABLE = YES;
				IPHONEOS_DEPLOYMENT_TARGET = 11.4;
				MTL_ENABLE_DEBUG_INFO = NO;
				SDKROOT = iphoneos;
				SWIFT_COMPILATION_MODE = wholemodule;
				SWIFT_OPTIMIZATION_LEVEL = "-O";
				VALIDATE_PRODUCT = YES;
			};
			name = Release;
		};
		83E2C5EF20FCCBF8005D74A6 /* Debug */ = {
			isa = XCBuildConfiguration;
			baseConfigurationReference = 792E3D549724A0450A9A8BCA /* Pods-NetworkExample.debug.xcconfig */;
			buildSettings = {
				ASSETCATALOG_COMPILER_APPICON_NAME = AppIcon;
				CODE_SIGN_STYLE = Automatic;
				DEVELOPMENT_TEAM = 8XMF2BLFJM;
				INFOPLIST_FILE = NetworkExample/Info.plist;
				LD_RUNPATH_SEARCH_PATHS = (
					"$(inherited)",
					"@executable_path/Frameworks",
				);
				PRODUCT_BUNDLE_IDENTIFIER = br.com.treinamento.NetworkExample;
				PRODUCT_NAME = "$(TARGET_NAME)";
				SWIFT_VERSION = 4.0;
				TARGETED_DEVICE_FAMILY = "1,2";
			};
			name = Debug;
		};
		83E2C5F020FCCBF8005D74A6 /* Release */ = {
			isa = XCBuildConfiguration;
			baseConfigurationReference = 19EC64D7D131FB9BE6887DFA /* Pods-NetworkExample.release.xcconfig */;
			buildSettings = {
				ASSETCATALOG_COMPILER_APPICON_NAME = AppIcon;
				CODE_SIGN_STYLE = Automatic;
				DEVELOPMENT_TEAM = 8XMF2BLFJM;
				INFOPLIST_FILE = NetworkExample/Info.plist;
				LD_RUNPATH_SEARCH_PATHS = (
					"$(inherited)",
					"@executable_path/Frameworks",
				);
				PRODUCT_BUNDLE_IDENTIFIER = br.com.treinamento.NetworkExample;
				PRODUCT_NAME = "$(TARGET_NAME)";
				SWIFT_VERSION = 4.0;
				TARGETED_DEVICE_FAMILY = "1,2";
			};
			name = Release;
		};
/* End XCBuildConfiguration section */

/* Begin XCConfigurationList section */
		83E2C5D720FCCBF2005D74A6 /* Build configuration list for PBXProject "NetworkExample" */ = {
			isa = XCConfigurationList;
			buildConfigurations = (
				83E2C5EC20FCCBF8005D74A6 /* Debug */,
				83E2C5ED20FCCBF8005D74A6 /* Release */,
			);
			defaultConfigurationIsVisible = 0;
			defaultConfigurationName = Release;
		};
		83E2C5EE20FCCBF8005D74A6 /* Build configuration list for PBXNativeTarget "NetworkExample" */ = {
			isa = XCConfigurationList;
			buildConfigurations = (
				83E2C5EF20FCCBF8005D74A6 /* Debug */,
				83E2C5F020FCCBF8005D74A6 /* Release */,
			);
			defaultConfigurationIsVisible = 0;
			defaultConfigurationName = Release;
		};
/* End XCConfigurationList section */
	};
	rootObject = 83E2C5D420FCCBF2005D74A6 /* Project object */;
}
