// !$*UTF8*$!
{
	archiveVersion = 1;
	classes = {
	};
	objectVersion = 50;
	objects = {

/* Begin PBXBuildFile section */
		7367B943CA92F042FF8FC2FD /* Pods_Treinamento.framework in Frameworks */ = {isa = PBXBuildFile; fileRef = E4CD60832E830419C1EEA8DB /* Pods_Treinamento.framework */; };
		83F2F59720F623E500A152A6 /* AppDelegate.swift in Sources */ = {isa = PBXBuildFile; fileRef = 83F2F59620F623E500A152A6 /* AppDelegate.swift */; };
		83F2F59920F623E500A152A6 /* ViewController.swift in Sources */ = {isa = PBXBuildFile; fileRef = 83F2F59820F623E500A152A6 /* ViewController.swift */; };
		83F2F59C20F623E500A152A6 /* Main.storyboard in Resources */ = {isa = PBXBuildFile; fileRef = 83F2F59A20F623E500A152A6 /* Main.storyboard */; };
		83F2F59E20F623E900A152A6 /* Assets.xcassets in Resources */ = {isa = PBXBuildFile; fileRef = 83F2F59D20F623E900A152A6 /* Assets.xcassets */; };
		83F2F5A120F623E900A152A6 /* LaunchScreen.storyboard in Resources */ = {isa = PBXBuildFile; fileRef = 83F2F59F20F623E900A152A6 /* LaunchScreen.storyboard */; };
		83F7E17020F7782100EDC152 /* DetalheViewController.swift in Sources */ = {isa = PBXBuildFile; fileRef = 83F7E16F20F7782100EDC152 /* DetalheViewController.swift */; };
		83F7E17220F785DE00EDC152 /* Detalhe2ViewController.swift in Sources */ = {isa = PBXBuildFile; fileRef = 83F7E17120F785DE00EDC152 /* Detalhe2ViewController.swift */; };
/* End PBXBuildFile section */

/* Begin PBXFileReference section */
		82603D91CD0BB4A5C303ECB0 /* Pods-Treinamento.debug.xcconfig */ = {isa = PBXFileReference; includeInIndex = 1; lastKnownFileType = text.xcconfig; name = "Pods-Treinamento.debug.xcconfig"; path = "Pods/Target Support Files/Pods-Treinamento/Pods-Treinamento.debug.xcconfig"; sourceTree = "<group>"; };
		83F2F59320F623E500A152A6 /* Treinamento.app */ = {isa = PBXFileReference; explicitFileType = wrapper.application; includeInIndex = 0; path = Treinamento.app; sourceTree = BUILT_PRODUCTS_DIR; };
		83F2F59620F623E500A152A6 /* AppDelegate.swift */ = {isa = PBXFileReference; lastKnownFileType = sourcecode.swift; path = AppDelegate.swift; sourceTree = "<group>"; };
		83F2F59820F623E500A152A6 /* ViewController.swift */ = {isa = PBXFileReference; lastKnownFileType = sourcecode.swift; path = ViewController.swift; sourceTree = "<group>"; };
		83F2F59B20F623E500A152A6 /* Base */ = {isa = PBXFileReference; lastKnownFileType = file.storyboard; name = Base; path = Base.lproj/Main.storyboard; sourceTree = "<group>"; };
		83F2F59D20F623E900A152A6 /* Assets.xcassets */ = {isa = PBXFileReference; lastKnownFileType = folder.assetcatalog; path = Assets.xcassets; sourceTree = "<group>"; };
		83F2F5A020F623E900A152A6 /* Base */ = {isa = PBXFileReference; lastKnownFileType = file.storyboard; name = Base; path = Base.lproj/LaunchScreen.storyboard; sourceTree = "<group>"; };
		83F2F5A220F623E900A152A6 /* Info.plist */ = {isa = PBXFileReference; lastKnownFileType = text.plist.xml; path = Info.plist; sourceTree = "<group>"; };
		83F7E16F20F7782100EDC152 /* DetalheViewController.swift */ = {isa = PBXFileReference; lastKnownFileType = sourcecode.swift; path = DetalheViewController.swift; sourceTree = "<group>"; };
		83F7E17120F785DE00EDC152 /* Detalhe2ViewController.swift */ = {isa = PBXFileReference; lastKnownFileType = sourcecode.swift; path = Detalhe2ViewController.swift; sourceTree = "<group>"; };
		8A24488B2B303C6C5585D213 /* Pods-Treinamento.release.xcconfig */ = {isa = PBXFileReference; includeInIndex = 1; lastKnownFileType = text.xcconfig; name = "Pods-Treinamento.release.xcconfig"; path = "Pods/Target Support Files/Pods-Treinamento/Pods-Treinamento.release.xcconfig"; sourceTree = "<group>"; };
		E4CD60832E830419C1EEA8DB /* Pods_Treinamento.framework */ = {isa = PBXFileReference; explicitFileType = wrapper.framework; includeInIndex = 0; path = Pods_Treinamento.framework; sourceTree = BUILT_PRODUCTS_DIR; };
/* End PBXFileReference section */

/* Begin PBXFrameworksBuildPhase section */
		83F2F59020F623E500A152A6 /* Frameworks */ = {
			isa = PBXFrameworksBuildPhase;
			buildActionMask = 2147483647;
			files = (
				7367B943CA92F042FF8FC2FD /* Pods_Treinamento.framework in Frameworks */,
			);
			runOnlyForDeploymentPostprocessing = 0;
		};
/* End PBXFrameworksBuildPhase section */

/* Begin PBXGroup section */
		3CE8562B7CF0CDECDAC1492D /* Pods */ = {
			isa = PBXGroup;
			children = (
				82603D91CD0BB4A5C303ECB0 /* Pods-Treinamento.debug.xcconfig */,
				8A24488B2B303C6C5585D213 /* Pods-Treinamento.release.xcconfig */,
			);
			name = Pods;
			sourceTree = "<group>";
		};
		82EDFE3AE490195A9325F8A7 /* Frameworks */ = {
			isa = PBXGroup;
			children = (
				E4CD60832E830419C1EEA8DB /* Pods_Treinamento.framework */,
			);
			name = Frameworks;
			sourceTree = "<group>";
		};
		83F2F58A20F623E500A152A6 = {
			isa = PBXGroup;
			children = (
				83F2F59520F623E500A152A6 /* Treinamento */,
				83F2F59420F623E500A152A6 /* Products */,
				3CE8562B7CF0CDECDAC1492D /* Pods */,
				82EDFE3AE490195A9325F8A7 /* Frameworks */,
			);
			sourceTree = "<group>";
		};
		83F2F59420F623E500A152A6 /* Products */ = {
			isa = PBXGroup;
			children = (
				83F2F59320F623E500A152A6 /* Treinamento.app */,
			);
			name = Products;
			sourceTree = "<group>";
		};
		83F2F59520F623E500A152A6 /* Treinamento */ = {
			isa = PBXGroup;
			children = (
				83F2F59620F623E500A152A6 /* AppDelegate.swift */,
				83F2F59820F623E500A152A6 /* ViewController.swift */,
				83F7E16F20F7782100EDC152 /* DetalheViewController.swift */,
				83F7E17120F785DE00EDC152 /* Detalhe2ViewController.swift */,
				83F2F59A20F623E500A152A6 /* Main.storyboard */,
				83F7E16E20F775C400EDC152 /* Supporting Files */,
			);
			path = Treinamento;
			sourceTree = "<group>";
		};
		83F7E16E20F775C400EDC152 /* Supporting Files */ = {
			isa = PBXGroup;
			children = (
				83F2F59D20F623E900A152A6 /* Assets.xcassets */,
				83F2F59F20F623E900A152A6 /* LaunchScreen.storyboard */,
				83F2F5A220F623E900A152A6 /* Info.plist */,
			);
			path = "Supporting Files";
			sourceTree = "<group>";
		};
/* End PBXGroup section */

/* Begin PBXNativeTarget section */
		83F2F59220F623E500A152A6 /* Treinamento */ = {
			isa = PBXNativeTarget;
			buildConfigurationList = 83F2F5A520F623E900A152A6 /* Build configuration list for PBXNativeTarget "Treinamento" */;
			buildPhases = (
				947A379EE53D5D184065A0AD /* [CP] Check Pods Manifest.lock */,
				83F2F58F20F623E500A152A6 /* Sources */,
				83F2F59020F623E500A152A6 /* Frameworks */,
				83F2F59120F623E500A152A6 /* Resources */,
			);
			buildRules = (
			);
			dependencies = (
			);
			name = Treinamento;
			productName = Treinamento;
			productReference = 83F2F59320F623E500A152A6 /* Treinamento.app */;
			productType = "com.apple.product-type.application";
		};
/* End PBXNativeTarget section */

/* Begin PBXProject section */
		83F2F58B20F623E500A152A6 /* Project object */ = {
			isa = PBXProject;
			attributes = {
				LastSwiftUpdateCheck = 0940;
				LastUpgradeCheck = 0940;
				ORGANIZATIONNAME = administrador;
				TargetAttributes = {
					83F2F59220F623E500A152A6 = {
						CreatedOnToolsVersion = 9.4.1;
					};
				};
			};
			buildConfigurationList = 83F2F58E20F623E500A152A6 /* Build configuration list for PBXProject "Treinamento" */;
			compatibilityVersion = "Xcode 9.3";
			developmentRegion = en;
			hasScannedForEncodings = 0;
			knownRegions = (
				en,
				Base,
			);
			mainGroup = 83F2F58A20F623E500A152A6;
			productRefGroup = 83F2F59420F623E500A152A6 /* Products */;
			projectDirPath = "";
			projectRoot = "";
			targets = (
				83F2F59220F623E500A152A6 /* Treinamento */,
			);
		};
/* End PBXProject section */

/* Begin PBXResourcesBuildPhase section */
		83F2F59120F623E500A152A6 /* Resources */ = {
			isa = PBXResourcesBuildPhase;
			buildActionMask = 2147483647;
			files = (
				83F2F5A120F623E900A152A6 /* LaunchScreen.storyboard in Resources */,
				83F2F59E20F623E900A152A6 /* Assets.xcassets in Resources */,
				83F2F59C20F623E500A152A6 /* Main.storyboard in Resources */,
			);
			runOnlyForDeploymentPostprocessing = 0;
		};
/* End PBXResourcesBuildPhase section */

/* Begin PBXShellScriptBuildPhase section */
		947A379EE53D5D184065A0AD /* [CP] Check Pods Manifest.lock */ = {
			isa = PBXShellScriptBuildPhase;
			buildActionMask = 2147483647;
			files = (
			);
			inputPaths = (
				"${PODS_PODFILE_DIR_PATH}/Podfile.lock",
				"${PODS_ROOT}/Manifest.lock",
			);
			name = "[CP] Check Pods Manifest.lock";
			outputPaths = (
				"$(DERIVED_FILE_DIR)/Pods-Treinamento-checkManifestLockResult.txt",
			);
			runOnlyForDeploymentPostprocessing = 0;
			shellPath = /bin/sh;
			shellScript = "diff \"${PODS_PODFILE_DIR_PATH}/Podfile.lock\" \"${PODS_ROOT}/Manifest.lock\" > /dev/null\nif [ $? != 0 ] ; then\n    # print error to STDERR\n    echo \"error: The sandbox is not in sync with the Podfile.lock. Run 'pod install' or update your CocoaPods installation.\" >&2\n    exit 1\nfi\n# This output is used by Xcode 'outputs' to avoid re-running this script phase.\necho \"SUCCESS\" > \"${SCRIPT_OUTPUT_FILE_0}\"\n";
			showEnvVarsInLog = 0;
		};
/* End PBXShellScriptBuildPhase section */

/* Begin PBXSourcesBuildPhase section */
		83F2F58F20F623E500A152A6 /* Sources */ = {
			isa = PBXSourcesBuildPhase;
			buildActionMask = 2147483647;
			files = (
				83F2F59920F623E500A152A6 /* ViewController.swift in Sources */,
				83F2F59720F623E500A152A6 /* AppDelegate.swift in Sources */,
				83F7E17020F7782100EDC152 /* DetalheViewController.swift in Sources */,
				83F7E17220F785DE00EDC152 /* Detalhe2ViewController.swift in Sources */,
			);
			runOnlyForDeploymentPostprocessing = 0;
		};
/* End PBXSourcesBuildPhase section */

/* Begin PBXVariantGroup section */
		83F2F59A20F623E500A152A6 /* Main.storyboard */ = {
			isa = PBXVariantGroup;
			children = (
				83F2F59B20F623E500A152A6 /* Base */,
			);
			name = Main.storyboard;
			sourceTree = "<group>";
		};
		83F2F59F20F623E900A152A6 /* LaunchScreen.storyboard */ = {
			isa = PBXVariantGroup;
			children = (
				83F2F5A020F623E900A152A6 /* Base */,
			);
			name = LaunchScreen.storyboard;
			sourceTree = "<group>";
		};
/* End PBXVariantGroup section */

/* Begin XCBuildConfiguration section */
		83F2F5A320F623E900A152A6 /* Debug */ = {
			isa = XCBuildConfiguration;
			buildSettings = {
				ALWAYS_SEARCH_USER_PATHS = NO;
				CLANG_ANALYZER_NONNULL = YES;
				CLANG_ANALYZER_NUMBER_OBJECT_CONVERSION = YES_AGGRESSIVE;
				CLANG_CXX_LANGUAGE_STANDARD = "gnu++14";
				CLANG_CXX_LIBRARY = "libc++";
				CLANG_ENABLE_MODULES = YES;
				CLANG_ENABLE_OBJC_ARC = YES;
				CLANG_ENABLE_OBJC_WEAK = YES;
				CLANG_WARN_BLOCK_CAPTURE_AUTORELEASING = YES;
				CLANG_WARN_BOOL_CONVERSION = YES;
				CLANG_WARN_COMMA = YES;
				CLANG_WARN_CONSTANT_CONVERSION = YES;
				CLANG_WARN_DEPRECATED_OBJC_IMPLEMENTATIONS = YES;
				CLANG_WARN_DIRECT_OBJC_ISA_USAGE = YES_ERROR;
				CLANG_WARN_DOCUMENTATION_COMMENTS = YES;
				CLANG_WARN_EMPTY_BODY = YES;
				CLANG_WARN_ENUM_CONVERSION = YES;
				CLANG_WARN_INFINITE_RECURSION = YES;
				CLANG_WARN_INT_CONVERSION = YES;
				CLANG_WARN_NON_LITERAL_NULL_CONVERSION = YES;
				CLANG_WARN_OBJC_IMPLICIT_RETAIN_SELF = YES;
				CLANG_WARN_OBJC_LITERAL_CONVERSION = YES;
				CLANG_WARN_OBJC_ROOT_CLASS = YES_ERROR;
				CLANG_WARN_RANGE_LOOP_ANALYSIS = YES;
				CLANG_WARN_STRICT_PROTOTYPES = YES;
				CLANG_WARN_SUSPICIOUS_MOVE = YES;
				CLANG_WARN_UNGUARDED_AVAILABILITY = YES_AGGRESSIVE;
				CLANG_WARN_UNREACHABLE_CODE = YES;
				CLANG_WARN__DUPLICATE_METHOD_MATCH = YES;
				CODE_SIGN_IDENTITY = "iPhone Developer";
				COPY_PHASE_STRIP = NO;
				DEBUG_INFORMATION_FORMAT = dwarf;
				ENABLE_STRICT_OBJC_MSGSEND = YES;
				ENABLE_TESTABILITY = YES;
				GCC_C_LANGUAGE_STANDARD = gnu11;
				GCC_DYNAMIC_NO_PIC = NO;
				GCC_NO_COMMON_BLOCKS = YES;
				GCC_OPTIMIZATION_LEVEL = 0;
				GCC_PREPROCESSOR_DEFINITIONS = (
					"DEBUG=1",
					"$(inherited)",
				);
				GCC_WARN_64_TO_32_BIT_CONVERSION = YES;
				GCC_WARN_ABOUT_RETURN_TYPE = YES_ERROR;
				GCC_WARN_UNDECLARED_SELECTOR = YES;
				GCC_WARN_UNINITIALIZED_AUTOS = YES_AGGRESSIVE;
				GCC_WARN_UNUSED_FUNCTION = YES;
				GCC_WARN_UNUSED_VARIABLE = YES;
				IPHONEOS_DEPLOYMENT_TARGET = 11.4;
				MTL_ENABLE_DEBUG_INFO = YES;
				ONLY_ACTIVE_ARCH = YES;
				SDKROOT = iphoneos;
				SWIFT_ACTIVE_COMPILATION_CONDITIONS = DEBUG;
				SWIFT_OPTIMIZATION_LEVEL = "-Onone";
			};
			name = Debug;
		};
		83F2F5A420F623E900A152A6 /* Release */ = {
			isa = XCBuildConfiguration;
			buildSettings = {
				ALWAYS_SEARCH_USER_PATHS = NO;
				CLANG_ANALYZER_NONNULL = YES;
				CLANG_ANALYZER_NUMBER_OBJECT_CONVERSION = YES_AGGRESSIVE;
				CLANG_CXX_LANGUAGE_STANDARD = "gnu++14";
				CLANG_CXX_LIBRARY = "libc++";
				CLANG_ENABLE_MODULES = YES;
				CLANG_ENABLE_OBJC_ARC = YES;
				CLANG_ENABLE_OBJC_WEAK = YES;
				CLANG_WARN_BLOCK_CAPTURE_AUTORELEASING = YES;
				CLANG_WARN_BOOL_CONVERSION = YES;
				CLANG_WARN_COMMA = YES;
				CLANG_WARN_CONSTANT_CONVERSION = YES;
				CLANG_WARN_DEPRECATED_OBJC_IMPLEMENTATIONS = YES;
				CLANG_WARN_DIRECT_OBJC_ISA_USAGE = YES_ERROR;
				CLANG_WARN_DOCUMENTATION_COMMENTS = YES;
				CLANG_WARN_EMPTY_BODY = YES;
				CLANG_WARN_ENUM_CONVERSION = YES;
				CLANG_WARN_INFINITE_RECURSION = YES;
				CLANG_WARN_INT_CONVERSION = YES;
				CLANG_WARN_NON_LITERAL_NULL_CONVERSION = YES;
				CLANG_WARN_OBJC_IMPLICIT_RETAIN_SELF = YES;
				CLANG_WARN_OBJC_LITERAL_CONVERSION = YES;
				CLANG_WARN_OBJC_ROOT_CLASS = YES_ERROR;
				CLANG_WARN_RANGE_LOOP_ANALYSIS = YES;
				CLANG_WARN_STRICT_PROTOTYPES = YES;
				CLANG_WARN_SUSPICIOUS_MOVE = YES;
				CLANG_WARN_UNGUARDED_AVAILABILITY = YES_AGGRESSIVE;
				CLANG_WARN_UNREACHABLE_CODE = YES;
				CLANG_WARN__DUPLICATE_METHOD_MATCH = YES;
				CODE_SIGN_IDENTITY = "iPhone Developer";
				COPY_PHASE_STRIP = NO;
				DEBUG_INFORMATION_FORMAT = "dwarf-with-dsym";
				ENABLE_NS_ASSERTIONS = NO;
				ENABLE_STRICT_OBJC_MSGSEND = YES;
				GCC_C_LANGUAGE_STANDARD = gnu11;
				GCC_NO_COMMON_BLOCKS = YES;
				GCC_WARN_64_TO_32_BIT_CONVERSION = YES;
				GCC_WARN_ABOUT_RETURN_TYPE = YES_ERROR;
				GCC_WARN_UNDECLARED_SELECTOR = YES;
				GCC_WARN_UNINITIALIZED_AUTOS = YES_AGGRESSIVE;
				GCC_WARN_UNUSED_FUNCTION = YES;
				GCC_WARN_UNUSED_VARIABLE = YES;
				IPHONEOS_DEPLOYMENT_TARGET = 11.4;
				MTL_ENABLE_DEBUG_INFO = NO;
				SDKROOT = iphoneos;
				SWIFT_COMPILATION_MODE = wholemodule;
				SWIFT_OPTIMIZATION_LEVEL = "-O";
				VALIDATE_PRODUCT = YES;
			};
			name = Release;
		};
		83F2F5A620F623E900A152A6 /* Debug */ = {
			isa = XCBuildConfiguration;
			baseConfigurationReference = 82603D91CD0BB4A5C303ECB0 /* Pods-Treinamento.debug.xcconfig */;
			buildSettings = {
				ASSETCATALOG_COMPILER_APPICON_NAME = AppIcon;
				CODE_SIGN_STYLE = Automatic;
				DEVELOPMENT_TEAM = 8XMF2BLFJM;
				INFOPLIST_FILE = "$(SRCROOT)/Treinamento/Supporting Files/Info.plist";
				LD_RUNPATH_SEARCH_PATHS = (
					"$(inherited)",
					"@executable_path/Frameworks",
				);
				PRODUCT_BUNDLE_IDENTIFIER = br.com.treinamento.Treinamento;
				PRODUCT_NAME = "$(TARGET_NAME)";
				SWIFT_VERSION = 4.0;
				TARGETED_DEVICE_FAMILY = "1,2";
			};
			name = Debug;
		};
		83F2F5A720F623E900A152A6 /* Release */ = {
			isa = XCBuildConfiguration;
			baseConfigurationReference = 8A24488B2B303C6C5585D213 /* Pods-Treinamento.release.xcconfig */;
			buildSettings = {
				ASSETCATALOG_COMPILER_APPICON_NAME = AppIcon;
				CODE_SIGN_STYLE = Automatic;
				DEVELOPMENT_TEAM = 8XMF2BLFJM;
				INFOPLIST_FILE = "$(SRCROOT)/Treinamento/Supporting Files/Info.plist";
				LD_RUNPATH_SEARCH_PATHS = (
					"$(inherited)",
					"@executable_path/Frameworks",
				);
				PRODUCT_BUNDLE_IDENTIFIER = br.com.treinamento.Treinamento;
				PRODUCT_NAME = "$(TARGET_NAME)";
				SWIFT_VERSION = 4.0;
				TARGETED_DEVICE_FAMILY = "1,2";
			};
			name = Release;
		};
/* End XCBuildConfiguration section */

/* Begin XCConfigurationList section */
		83F2F58E20F623E500A152A6 /* Build configuration list for PBXProject "Treinamento" */ = {
			isa = XCConfigurationList;
			buildConfigurations = (
				83F2F5A320F623E900A152A6 /* Debug */,
				83F2F5A420F623E900A152A6 /* Release */,
			);
			defaultConfigurationIsVisible = 0;
			defaultConfigurationName = Release;
		};
		83F2F5A520F623E900A152A6 /* Build configuration list for PBXNativeTarget "Treinamento" */ = {
			isa = XCConfigurationList;
			buildConfigurations = (
				83F2F5A620F623E900A152A6 /* Debug */,
				83F2F5A720F623E900A152A6 /* Release */,
			);
			defaultConfigurationIsVisible = 0;
			defaultConfigurationName = Release;
		};
/* End XCConfigurationList section */
	};
	rootObject = 83F2F58B20F623E500A152A6 /* Project object */;
}
